
Microsoft Visual Studio Solution File, Format Version 12.00
# Visual Studio 14
VisualStudioVersion = 14.0.23107.0
MinimumVisualStudioVersion = 10.0.40219.1
Project("{FAE04EC0-301F-11D3-BF4B-00C04F79EFBC}") = "Sitecore.ContentSearch.SolrProvider.NoContainer", "Sitecore.ContentSearch.SolrProvider.NoContainer.csproj", "{F08424DC-7819-4B31-9643-F5BBB203113E}"
EndProject
Global
	GlobalSection(SolutionConfigurationPlatforms) = preSolution
		Debug|Any CPU = Debug|Any CPU
		Release|Any CPU = Release|Any CPU
	EndGlobalSection
	GlobalSection(ProjectConfigurationPlatforms) = postSolution
		{F08424DC-7819-4B31-9643-F5BBB203113E}.Debug|Any CPU.ActiveCfg = Debug|Any CPU
		{F08424DC-7819-4B31-9643-F5BBB203113E}.Debug|Any CPU.Build.0 = Debug|Any CPU
		{F08424DC-7819-4B31-9643-F5BBB203113E}.Release|Any CPU.ActiveCfg = Release|Any CPU
		{F08424DC-7819-4B31-9643-F5BBB203113E}.Release|Any CPU.Build.0 = Release|Any CPU
	EndGlobalSection
	GlobalSection(SolutionProperties) = preSolution
		HideSolutionNode = FALSE
	EndGlobalSection
EndGlobal
